
Microsoft Visual Studio Solution File, Format Version 12.00
# Visual Studio Version 17
VisualStudioVersion = 17.5.33502.453
MinimumVisualStudioVersion = 10.0.40219.1
Project("{FAE04EC0-301F-11D3-BF4B-00C04F79EFBC}") = "file_handling", "file_handling.csproj", "{169202C4-A9A0-42BB-ABFE-E44D87400661}"
EndProject
Global
	GlobalSection(SolutionConfigurationPlatforms) = preSolution
		Debug|Any CPU = Debug|Any CPU
		Release|Any CPU = Release|Any CPU
	EndGlobalSection
	GlobalSection(ProjectConfigurationPlatforms) = postSolution
		{169202C4-A9A0-42BB-ABFE-E44D87400661}.Debug|Any CPU.ActiveCfg = Debug|Any CPU
		{169202C4-A9A0-42BB-ABFE-E44D87400661}.Debug|Any CPU.Build.0 = Debug|Any CPU
		{169202C4-A9A0-42BB-ABFE-E44D87400661}.Release|Any CPU.ActiveCfg = Release|Any CPU
		{169202C4-A9A0-42BB-ABFE-E44D87400661}.Release|Any CPU.Build.0 = Release|Any CPU
	EndGlobalSection
	GlobalSection(SolutionProperties) = preSolution
		HideSolutionNode = FALSE
	EndGlobalSection
	GlobalSection(ExtensibilityGlobals) = postSolution
		SolutionGuid = {A1576BBC-9956-47CA-A9CA-820A8124DD23}
	EndGlobalSection
EndGlobal
